
Microsoft Visual Studio Solution File, Format Version 12.00
# Visual Studio Version 17
VisualStudioVersion = 17.11.35312.102
MinimumVisualStudioVersion = 10.0.40219.1
Project("{FAE04EC0-301F-11D3-BF4B-00C04F79EFBC}") = "DevIO.UI.Site", "DevIO.UI.Site\DevIO.UI.Site.csproj", "{BE6532A4-B4CF-4428-983E-8D8FB8D3CF74}"
EndProject
Global
	GlobalSection(SolutionConfigurationPlatforms) = preSolution
		Debug|Any CPU = Debug|Any CPU
		Release|Any CPU = Release|Any CPU
	EndGlobalSection
	GlobalSection(ProjectConfigurationPlatforms) = postSolution
		{BE6532A4-B4CF-4428-983E-8D8FB8D3CF74}.Debug|Any CPU.ActiveCfg = Debug|Any CPU
		{BE6532A4-B4CF-4428-983E-8D8FB8D3CF74}.Debug|Any CPU.Build.0 = Debug|Any CPU
		{BE6532A4-B4CF-4428-983E-8D8FB8D3CF74}.Release|Any CPU.ActiveCfg = Release|Any CPU
		{BE6532A4-B4CF-4428-983E-8D8FB8D3CF74}.Release|Any CPU.Build.0 = Release|Any CPU
	EndGlobalSection
	GlobalSection(SolutionProperties) = preSolution
		HideSolutionNode = FALSE
	EndGlobalSection
	GlobalSection(ExtensibilityGlobals) = postSolution
		SolutionGuid = {BD410213-AA18-424B-990B-9069770CA574}
	EndGlobalSection
EndGlobal
